{
    "name": "com.devmonster.farmos.service",
    "version": "1.0.0",
    "lockfileVersion": 3,
    "requires": true,
    "packages": {
        "": {
            "name": "com.devmonster.farmos.service",
            "version": "1.0.0",
            "hasInstallScript": true,
            "license": "BSD",
            "dependencies": {
                "@types/webos-service": "^0.4.6"
            }
        },
        "node_modules/@types/node": {
            "version": "22.4.2",
            "resolved": "https://registry.npmjs.org/@types/node/-/node-22.4.2.tgz",
            "integrity": "sha512-nAvM3Ey230/XzxtyDcJ+VjvlzpzoHwLsF7JaDRfoI0ytO0mVheerNmM45CtA0yOILXwXXxOrcUWH3wltX+7PSw==",
            "license": "MIT",
            "dependencies": {
                "undici-types": "~6.19.2"
            }
        },
        "node_modules/@types/webos-service": {
            "version": "0.4.6",
            "resolved": "https://registry.npmjs.org/@types/webos-service/-/webos-service-0.4.6.tgz",
            "integrity": "sha512-QPwTCbGO9aRLXFwQfDeu0kFx4wNPkD/UZQdVkjSoHsiukCMMzSfpmJvRkosdphHfNCGO4WAThzKoVFqXaHKmJQ==",
            "license": "MIT",
            "dependencies": {
                "@types/node": "*"
            }
        },
        "node_modules/undici-types": {
            "version": "6.19.8",
            "resolved": "https://registry.npmjs.org/undici-types/-/undici-types-6.19.8.tgz",
            "integrity": "sha512-ve2KP6f/JnbPBFyobGHuerC9g1FYGn/F8n1LWTwNxCEzd6IfqTwUQcNXgEtmmQ6DlRrC1hrSrBnCZPokRrDHjw==",
            "license": "MIT"
        }
    }
}
